
Microsoft Visual Studio Solution File, Format Version 12.00
# Visual Studio Version 16
VisualStudioVersion = 16.0.30907.101
MinimumVisualStudioVersion = 10.0.40219.1
Project("{FAE04EC0-301F-11D3-BF4B-00C04F79EFBC}") = "WebService", "WebService\WebService.csproj", "{C3D83265-02DE-4733-A369-49E1D594AA58}"
EndProject
Global
	GlobalSection(SolutionConfigurationPlatforms) = preSolution
		Debug|Any CPU = Debug|Any CPU
		Release|Any CPU = Release|Any CPU
	EndGlobalSection
	GlobalSection(ProjectConfigurationPlatforms) = postSolution
		{C3D83265-02DE-4733-A369-49E1D594AA58}.Debug|Any CPU.ActiveCfg = Debug|Any CPU
		{C3D83265-02DE-4733-A369-49E1D594AA58}.Debug|Any CPU.Build.0 = Debug|Any CPU
		{C3D83265-02DE-4733-A369-49E1D594AA58}.Release|Any CPU.ActiveCfg = Release|Any CPU
		{C3D83265-02DE-4733-A369-49E1D594AA58}.Release|Any CPU.Build.0 = Release|Any CPU
	EndGlobalSection
	GlobalSection(SolutionProperties) = preSolution
		HideSolutionNode = FALSE
	EndGlobalSection
	GlobalSection(ExtensibilityGlobals) = postSolution
		SolutionGuid = {E2C545F3-A51E-421A-9731-C7142AF1FF3D}
	EndGlobalSection
EndGlobal
